
Microsoft Visual Studio Solution File, Format Version 12.00
# Visual Studio Version 17
VisualStudioVersion = 17.8.34511.84
MinimumVisualStudioVersion = 10.0.40219.1
Project("{FAE04EC0-301F-11D3-BF4B-00C04F79EFBC}") = "TNSService", "TNSService\TNSService.csproj", "{BC2B76FF-8A30-4D78-8953-EE9262C0CADC}"
EndProject
Project("{FAE04EC0-301F-11D3-BF4B-00C04F79EFBC}") = "SortService", "SortService\SortService.csproj", "{6471681C-8692-444D-87A7-12B00B33DD42}"
EndProject
Project("{FAE04EC0-301F-11D3-BF4B-00C04F79EFBC}") = "TNSWebApplication", "TNSWebApplication\TNSWebApplication.csproj", "{B93A5310-BBA0-4377-9073-4C804AE8F76F}"
	ProjectSection(ProjectDependencies) = postProject
		{6471681C-8692-444D-87A7-12B00B33DD42} = {6471681C-8692-444D-87A7-12B00B33DD42}
		{BC2B76FF-8A30-4D78-8953-EE9262C0CADC} = {BC2B76FF-8A30-4D78-8953-EE9262C0CADC}
	EndProjectSection
EndProject
Global
	GlobalSection(SolutionConfigurationPlatforms) = preSolution
		Debug|Any CPU = Debug|Any CPU
		Release|Any CPU = Release|Any CPU
	EndGlobalSection
	GlobalSection(ProjectConfigurationPlatforms) = postSolution
		{BC2B76FF-8A30-4D78-8953-EE9262C0CADC}.Debug|Any CPU.ActiveCfg = Debug|Any CPU
		{BC2B76FF-8A30-4D78-8953-EE9262C0CADC}.Debug|Any CPU.Build.0 = Debug|Any CPU
		{BC2B76FF-8A30-4D78-8953-EE9262C0CADC}.Release|Any CPU.ActiveCfg = Release|Any CPU
		{BC2B76FF-8A30-4D78-8953-EE9262C0CADC}.Release|Any CPU.Build.0 = Release|Any CPU
		{6471681C-8692-444D-87A7-12B00B33DD42}.Debug|Any CPU.ActiveCfg = Debug|Any CPU
		{6471681C-8692-444D-87A7-12B00B33DD42}.Debug|Any CPU.Build.0 = Debug|Any CPU
		{6471681C-8692-444D-87A7-12B00B33DD42}.Release|Any CPU.ActiveCfg = Release|Any CPU
		{6471681C-8692-444D-87A7-12B00B33DD42}.Release|Any CPU.Build.0 = Release|Any CPU
		{B93A5310-BBA0-4377-9073-4C804AE8F76F}.Debug|Any CPU.ActiveCfg = Debug|Any CPU
		{B93A5310-BBA0-4377-9073-4C804AE8F76F}.Debug|Any CPU.Build.0 = Debug|Any CPU
		{B93A5310-BBA0-4377-9073-4C804AE8F76F}.Release|Any CPU.ActiveCfg = Release|Any CPU
		{B93A5310-BBA0-4377-9073-4C804AE8F76F}.Release|Any CPU.Build.0 = Release|Any CPU
	EndGlobalSection
	GlobalSection(SolutionProperties) = preSolution
		HideSolutionNode = FALSE
	EndGlobalSection
	GlobalSection(ExtensibilityGlobals) = postSolution
		SolutionGuid = {57853FC7-32B3-4630-B991-0082DA27A61C}
	EndGlobalSection
EndGlobal
